<?xml version="1.0" encoding="UTF-8" standalone="yes" ?>
<CodeBlocks_project_file>
	<FileVersion major="1" minor="6" />
	<Project>
		<Option title="Gource" />
		<Option pch_mode="2" />
		<Option compiler="gcc" />
		<Build>
			<Target title="default">
				<Option output="gource" prefix_auto="1" extension_auto="1" />
				<Option type="0" />
				<Option compiler="gcc" />
				<Compiler>
					<Add option="-W" />
					<Add option="-g" />
				</Compiler>
			</Target>
		</Build>
		<Compiler>
			<Add option="-O2" />
			<Add option="-W" />
			<Add option="-Wno-sign-compare" />
			<Add option="-std=gnu++0x" />
			<Add option="-Dmain=SDL_main" />
		</Compiler>
		<Linker>
			<Add option="glew32.dll" />
			<Add option="-static-libstdc++" />
			<Add option="-static-libgcc" />
			<Add option="-mconsole" />
			<Add library="mingw32" />
			<Add library="pcre" />
			<Add library="SDL2main" />
			<Add library="SDL2" />
			<Add library="opengl32" />
			<Add library="SDL2_image" />
			<Add library="glu32" />
			<Add library="glew32" />
			<Add library="freetype" />
			<Add library="libboost_filesystem-mgw46-mt-1_52" />
			<Add library="libboost_system-mgw46-mt-1_52" />
			<Add library="libpng16.dll.a" />
		</Linker>
		<Unit filename="data/shaders/bloom.frag" />
		<Unit filename="data/shaders/bloom.vert" />
		<Unit filename="data/shaders/shadow.frag" />
		<Unit filename="data/shaders/shadow.vert" />
		<Unit filename="data/shaders/text.frag" />
		<Unit filename="data/shaders/text.vert" />
		<Unit filename="src/action.cpp" />
		<Unit filename="src/action.h" />
		<Unit filename="src/bloom.cpp" />
		<Unit filename="src/bloom.h" />
		<Unit filename="src/caption.cpp" />
		<Unit filename="src/caption.h" />
		<Unit filename="src/core/bounds.h" />
		<Unit filename="src/core/conffile.cpp" />
		<Unit filename="src/core/conffile.h" />
		<Unit filename="src/core/display.cpp" />
		<Unit filename="src/core/display.h" />
		<Unit filename="src/core/frustum.cpp" />
		<Unit filename="src/core/frustum.h" />
		<Unit filename="src/core/fxfont.cpp" />
		<Unit filename="src/core/fxfont.h" />
		<Unit filename="src/core/gl.h" />
		<Unit filename="src/core/logger.cpp" />
		<Unit filename="src/core/logger.h" />
		<Unit filename="src/core/mousecursor.cpp" />
		<Unit filename="src/core/mousecursor.h" />
		<Unit filename="src/core/pi.h" />
		<Unit filename="src/core/plane.cpp" />
		<Unit filename="src/core/plane.h" />
		<Unit filename="src/core/png_writer.cpp" />
		<Unit filename="src/core/png_writer.h" />
		<Unit filename="src/core/ppm.cpp" />
		<Unit filename="src/core/ppm.h" />
		<Unit filename="src/core/quadtree.cpp" />
		<Unit filename="src/core/quadtree.h" />
		<Unit filename="src/core/regex.cpp" />
		<Unit filename="src/core/regex.h" />
		<Unit filename="src/core/resource.cpp" />
		<Unit filename="src/core/resource.h" />
		<Unit filename="src/core/sdlapp.cpp" />
		<Unit filename="src/core/sdlapp.h" />
		<Unit filename="src/core/seeklog.cpp" />
		<Unit filename="src/core/seeklog.h" />
		<Unit filename="src/core/settings.cpp" />
		<Unit filename="src/core/settings.h" />
		<Unit filename="src/core/shader.cpp" />
		<Unit filename="src/core/shader.h" />
		<Unit filename="src/core/shader_common.cpp" />
		<Unit filename="src/core/shader_common.h" />
		<Unit filename="src/core/stringhash.cpp" />
		<Unit filename="src/core/stringhash.h" />
		<Unit filename="src/core/texture.cpp" />
		<Unit filename="src/core/texture.h" />
		<Unit filename="src/core/timezone.cpp" />
		<Unit filename="src/core/timezone.h" />
		<Unit filename="src/core/vbo.cpp" />
		<Unit filename="src/core/vbo.h" />
		<Unit filename="src/core/vectors.cpp" />
		<Unit filename="src/core/vectors.h" />
		<Unit filename="src/dirnode.cpp" />
		<Unit filename="src/dirnode.h" />
		<Unit filename="src/file.cpp" />
		<Unit filename="src/file.h" />
		<Unit filename="src/formats/apache.cpp" />
		<Unit filename="src/formats/apache.h" />
		<Unit filename="src/formats/bzr.cpp" />
		<Unit filename="src/formats/bzr.h" />
		<Unit filename="src/formats/commitlog.cpp" />
		<Unit filename="src/formats/commitlog.h" />
		<Unit filename="src/formats/custom.cpp" />
		<Unit filename="src/formats/custom.h" />
		<Unit filename="src/formats/cvs-exp.cpp" />
		<Unit filename="src/formats/cvs-exp.h" />
		<Unit filename="src/formats/cvs2cl.cpp" />
		<Unit filename="src/formats/cvs2cl.h" />
		<Unit filename="src/formats/git.cpp" />
		<Unit filename="src/formats/git.h" />
		<Unit filename="src/formats/gitraw.cpp" />
		<Unit filename="src/formats/gitraw.h" />
		<Unit filename="src/formats/hg.cpp" />
		<Unit filename="src/formats/hg.h" />
		<Unit filename="src/formats/svn.cpp" />
		<Unit filename="src/formats/svn.h" />
		<Unit filename="src/gource.cpp" />
		<Unit filename="src/gource.h" />
		<Unit filename="src/gource_settings.cpp" />
		<Unit filename="src/gource_settings.h" />
		<Unit filename="src/gource_shell.cpp" />
		<Unit filename="src/gource_shell.h" />
		<Unit filename="src/key.cpp" />
		<Unit filename="src/key.h" />
		<Unit filename="src/logmill.cpp" />
		<Unit filename="src/logmill.h" />
		<Unit filename="src/main.cpp" />
		<Unit filename="src/main.h" />
		<Unit filename="src/pawn.cpp" />
		<Unit filename="src/pawn.h" />
		<Unit filename="src/slider.cpp" />
		<Unit filename="src/slider.h" />
		<Unit filename="src/spline.cpp" />
		<Unit filename="src/spline.h" />
		<Unit filename="src/textbox.cpp" />
		<Unit filename="src/textbox.h" />
		<Unit filename="src/tinyxml/tinystr.cpp" />
		<Unit filename="src/tinyxml/tinystr.h" />
		<Unit filename="src/tinyxml/tinyxml.cpp" />
		<Unit filename="src/tinyxml/tinyxml.h" />
		<Unit filename="src/tinyxml/tinyxmlerror.cpp" />
		<Unit filename="src/tinyxml/tinyxmlparser.cpp" />
		<Unit filename="src/user.cpp" />
		<Unit filename="src/user.h" />
		<Unit filename="src/zoomcamera.cpp" />
		<Unit filename="src/zoomcamera.h" />
		<Extensions>
			<code_completion />
			<envvars />
			<debugger />
		</Extensions>
	</Project>
</CodeBlocks_project_file>
